
Microsoft Visual Studio Solution File, Format Version 12.00
# Visual Studio Version 17
VisualStudioVersion = 17.14.36127.28 d17.14
MinimumVisualStudioVersion = 10.0.40219.1
Project("{FAE04EC0-301F-11D3-BF4B-00C04F79EFBC}") = "WebApi", "WebApi\WebApi.csproj", "{C47A9530-5762-49C0-A9B6-B4166F321263}"
EndProject
Project("{FAE04EC0-301F-11D3-BF4B-00C04F79EFBC}") = "Persistence", "Persistence\Persistence.csproj", "{BC4DDEE2-6299-45D6-A777-95B89D2BBB6B}"
EndProject
Project("{FAE04EC0-301F-11D3-BF4B-00C04F79EFBC}") = "Domain", "Domain\Domain.csproj", "{1EB2CC74-AE65-409E-8ADD-BE282E74FAAE}"
EndProject
Project("{FAE04EC0-301F-11D3-BF4B-00C04F79EFBC}") = "Application", "Application\Application.csproj", "{9F22BA40-4E8E-4AD4-B778-DCBF2AEF94F8}"
EndProject
Project("{FAE04EC0-301F-11D3-BF4B-00C04F79EFBC}") = "Infrastructure", "Infrastructure\Infrastructure.csproj", "{13C17CA5-9BDB-4AC1-969E-C54FFAFE0CA5}"
EndProject
Global
	GlobalSection(SolutionConfigurationPlatforms) = preSolution
		Debug|Any CPU = Debug|Any CPU
		Release|Any CPU = Release|Any CPU
	EndGlobalSection
	GlobalSection(ProjectConfigurationPlatforms) = postSolution
		{C47A9530-5762-49C0-A9B6-B4166F321263}.Debug|Any CPU.ActiveCfg = Debug|Any CPU
		{C47A9530-5762-49C0-A9B6-B4166F321263}.Debug|Any CPU.Build.0 = Debug|Any CPU
		{C47A9530-5762-49C0-A9B6-B4166F321263}.Release|Any CPU.ActiveCfg = Release|Any CPU
		{C47A9530-5762-49C0-A9B6-B4166F321263}.Release|Any CPU.Build.0 = Release|Any CPU
		{BC4DDEE2-6299-45D6-A777-95B89D2BBB6B}.Debug|Any CPU.ActiveCfg = Debug|Any CPU
		{BC4DDEE2-6299-45D6-A777-95B89D2BBB6B}.Debug|Any CPU.Build.0 = Debug|Any CPU
		{BC4DDEE2-6299-45D6-A777-95B89D2BBB6B}.Release|Any CPU.ActiveCfg = Release|Any CPU
		{BC4DDEE2-6299-45D6-A777-95B89D2BBB6B}.Release|Any CPU.Build.0 = Release|Any CPU
		{1EB2CC74-AE65-409E-8ADD-BE282E74FAAE}.Debug|Any CPU.ActiveCfg = Debug|Any CPU
		{1EB2CC74-AE65-409E-8ADD-BE282E74FAAE}.Debug|Any CPU.Build.0 = Debug|Any CPU
		{1EB2CC74-AE65-409E-8ADD-BE282E74FAAE}.Release|Any CPU.ActiveCfg = Release|Any CPU
		{1EB2CC74-AE65-409E-8ADD-BE282E74FAAE}.Release|Any CPU.Build.0 = Release|Any CPU
		{9F22BA40-4E8E-4AD4-B778-DCBF2AEF94F8}.Debug|Any CPU.ActiveCfg = Debug|Any CPU
		{9F22BA40-4E8E-4AD4-B778-DCBF2AEF94F8}.Debug|Any CPU.Build.0 = Debug|Any CPU
		{9F22BA40-4E8E-4AD4-B778-DCBF2AEF94F8}.Release|Any CPU.ActiveCfg = Release|Any CPU
		{9F22BA40-4E8E-4AD4-B778-DCBF2AEF94F8}.Release|Any CPU.Build.0 = Release|Any CPU
		{13C17CA5-9BDB-4AC1-969E-C54FFAFE0CA5}.Debug|Any CPU.ActiveCfg = Debug|Any CPU
		{13C17CA5-9BDB-4AC1-969E-C54FFAFE0CA5}.Debug|Any CPU.Build.0 = Debug|Any CPU
		{13C17CA5-9BDB-4AC1-969E-C54FFAFE0CA5}.Release|Any CPU.ActiveCfg = Release|Any CPU
		{13C17CA5-9BDB-4AC1-969E-C54FFAFE0CA5}.Release|Any CPU.Build.0 = Release|Any CPU
	EndGlobalSection
	GlobalSection(SolutionProperties) = preSolution
		HideSolutionNode = FALSE
	EndGlobalSection
	GlobalSection(ExtensibilityGlobals) = postSolution
		SolutionGuid = {207AFCA9-7490-4F67-81E2-B49956C97F1D}
	EndGlobalSection
EndGlobal
